// !$*UTF8*$!
{
	archiveVersion = 1;
	classes = {
	};
	objectVersion = 48;
	objects = {

/* Begin PBXBuildFile section */
		97123A8FAE51D8B86527CB9B /* Pods_ArML.framework in Frameworks */ = {isa = PBXBuildFile; fileRef = 34AE48998E09E670BED3B5B3 /* Pods_ArML.framework */; };
		D96A2688219B4FF9005B74E8 /* MainArSceneViewController.swift in Sources */ = {isa = PBXBuildFile; fileRef = D96A2687219B4FF9005B74E8 /* MainArSceneViewController.swift */; };
		D96A268C219B518F005B74E8 /* ViewControlerMenager.swift in Sources */ = {isa = PBXBuildFile; fileRef = D96A268B219B518F005B74E8 /* ViewControlerMenager.swift */; };
		D96A268F219B52F9005B74E8 /* MainArScene.swift in Sources */ = {isa = PBXBuildFile; fileRef = D96A268E219B52F9005B74E8 /* MainArScene.swift */; };
		D96A2693219B598D005B74E8 /* MainArSceneViewModel.swift in Sources */ = {isa = PBXBuildFile; fileRef = D96A2692219B598D005B74E8 /* MainArSceneViewModel.swift */; };
		D97D07C81F839994005DAA1A /* AppDelegate.swift in Sources */ = {isa = PBXBuildFile; fileRef = D97D07C71F839994005DAA1A /* AppDelegate.swift */; };
		D97D07D31F839994005DAA1A /* Assets.xcassets in Resources */ = {isa = PBXBuildFile; fileRef = D97D07D21F839994005DAA1A /* Assets.xcassets */; };
		D97D07D61F839994005DAA1A /* LaunchScreen.storyboard in Resources */ = {isa = PBXBuildFile; fileRef = D97D07D41F839994005DAA1A /* LaunchScreen.storyboard */; };
/* End PBXBuildFile section */

/* Begin PBXFileReference section */
		34AE48998E09E670BED3B5B3 /* Pods_ArML.framework */ = {isa = PBXFileReference; explicitFileType = wrapper.framework; includeInIndex = 0; path = Pods_ArML.framework; sourceTree = BUILT_PRODUCTS_DIR; };
		56D06E2F058E94249D8182FD /* Pods-ArML.release.xcconfig */ = {isa = PBXFileReference; includeInIndex = 1; lastKnownFileType = text.xcconfig; name = "Pods-ArML.release.xcconfig"; path = "Pods/Target Support Files/Pods-ArML/Pods-ArML.release.xcconfig"; sourceTree = "<group>"; };
		D96A2687219B4FF9005B74E8 /* MainArSceneViewController.swift */ = {isa = PBXFileReference; lastKnownFileType = sourcecode.swift; path = MainArSceneViewController.swift; sourceTree = "<group>"; };
		D96A268B219B518F005B74E8 /* ViewControlerMenager.swift */ = {isa = PBXFileReference; lastKnownFileType = sourcecode.swift; path = ViewControlerMenager.swift; sourceTree = "<group>"; };
		D96A268E219B52F9005B74E8 /* MainArScene.swift */ = {isa = PBXFileReference; lastKnownFileType = sourcecode.swift; path = MainArScene.swift; sourceTree = "<group>"; };
		D96A2692219B598D005B74E8 /* MainArSceneViewModel.swift */ = {isa = PBXFileReference; lastKnownFileType = sourcecode.swift; path = MainArSceneViewModel.swift; sourceTree = "<group>"; };
		D96A2694219B5CBE005B74E8 /* README.md */ = {isa = PBXFileReference; lastKnownFileType = net.daringfireball.markdown; path = README.md; sourceTree = "<group>"; };
		D97D07C41F839994005DAA1A /* ArML.app */ = {isa = PBXFileReference; explicitFileType = wrapper.application; includeInIndex = 0; path = ArML.app; sourceTree = BUILT_PRODUCTS_DIR; };
		D97D07C71F839994005DAA1A /* AppDelegate.swift */ = {isa = PBXFileReference; lastKnownFileType = sourcecode.swift; path = AppDelegate.swift; sourceTree = "<group>"; };
		D97D07D21F839994005DAA1A /* Assets.xcassets */ = {isa = PBXFileReference; lastKnownFileType = folder.assetcatalog; path = Assets.xcassets; sourceTree = "<group>"; };
		D97D07D51F839994005DAA1A /* Base */ = {isa = PBXFileReference; lastKnownFileType = file.storyboard; name = Base; path = Base.lproj/LaunchScreen.storyboard; sourceTree = "<group>"; };
		D97D07D71F839994005DAA1A /* Info.plist */ = {isa = PBXFileReference; lastKnownFileType = text.plist.xml; path = Info.plist; sourceTree = "<group>"; };
		E13CEF9DAB31D482886FD570 /* Pods-ArML.debug.xcconfig */ = {isa = PBXFileReference; includeInIndex = 1; lastKnownFileType = text.xcconfig; name = "Pods-ArML.debug.xcconfig"; path = "Pods/Target Support Files/Pods-ArML/Pods-ArML.debug.xcconfig"; sourceTree = "<group>"; };
/* End PBXFileReference section */

/* Begin PBXFrameworksBuildPhase section */
		D97D07C11F839994005DAA1A /* Frameworks */ = {
			isa = PBXFrameworksBuildPhase;
			buildActionMask = 2147483647;
			files = (
				97123A8FAE51D8B86527CB9B /* Pods_ArML.framework in Frameworks */,
			);
			runOnlyForDeploymentPostprocessing = 0;
		};
/* End PBXFrameworksBuildPhase section */

/* Begin PBXGroup section */
		49A8ECDA731CA8C33C134C68 /* Frameworks */ = {
			isa = PBXGroup;
			children = (
				34AE48998E09E670BED3B5B3 /* Pods_ArML.framework */,
			);
			name = Frameworks;
			sourceTree = "<group>";
		};
		7A5FF2D293F0771F19C22F88 /* Pods */ = {
			isa = PBXGroup;
			children = (
				E13CEF9DAB31D482886FD570 /* Pods-ArML.debug.xcconfig */,
				56D06E2F058E94249D8182FD /* Pods-ArML.release.xcconfig */,
			);
			name = Pods;
			sourceTree = "<group>";
		};
		D96A2683219B4F1D005B74E8 /* SupportingFiles */ = {
			isa = PBXGroup;
			children = (
				D96A2690219B57CC005B74E8 /* MLModels */,
				D97D07D21F839994005DAA1A /* Assets.xcassets */,
				D97D07D41F839994005DAA1A /* LaunchScreen.storyboard */,
				D97D07D71F839994005DAA1A /* Info.plist */,
			);
			path = SupportingFiles;
			sourceTree = "<group>";
		};
		D96A2684219B4F62005B74E8 /* Modules */ = {
			isa = PBXGroup;
			children = (
				D96A2685219B4F79005B74E8 /* MainARScene */,
			);
			path = Modules;
			sourceTree = "<group>";
		};
		D96A2685219B4F79005B74E8 /* MainARScene */ = {
			isa = PBXGroup;
			children = (
				D96A2691219B5975005B74E8 /* ViewModels */,
				D96A268D219B52E4005B74E8 /* Scene */,
				D96A2686219B4FDE005B74E8 /* ViewControllers */,
			);
			path = MainARScene;
			sourceTree = "<group>";
		};
		D96A2686219B4FDE005B74E8 /* ViewControllers */ = {
			isa = PBXGroup;
			children = (
				D96A2687219B4FF9005B74E8 /* MainArSceneViewController.swift */,
			);
			path = ViewControllers;
			sourceTree = "<group>";
		};
		D96A2689219B503B005B74E8 /* AppSetting */ = {
			isa = PBXGroup;
			children = (
				D97D07C71F839994005DAA1A /* AppDelegate.swift */,
			);
			path = AppSetting;
			sourceTree = "<group>";
		};
		D96A268A219B50D4005B74E8 /* Utilities */ = {
			isa = PBXGroup;
			children = (
				D96A268B219B518F005B74E8 /* ViewControlerMenager.swift */,
			);
			path = Utilities;
			sourceTree = "<group>";
		};
		D96A268D219B52E4005B74E8 /* Scene */ = {
			isa = PBXGroup;
			children = (
				D96A268E219B52F9005B74E8 /* MainArScene.swift */,
			);
			path = Scene;
			sourceTree = "<group>";
		};
		D96A2690219B57CC005B74E8 /* MLModels */ = {
			isa = PBXGroup;
			children = (
			);
			path = MLModels;
			sourceTree = "<group>";
		};
		D96A2691219B5975005B74E8 /* ViewModels */ = {
			isa = PBXGroup;
			children = (
				D96A2692219B598D005B74E8 /* MainArSceneViewModel.swift */,
			);
			path = ViewModels;
			sourceTree = "<group>";
		};
		D97D07BB1F839994005DAA1A = {
			isa = PBXGroup;
			children = (
				D96A2694219B5CBE005B74E8 /* README.md */,
				D97D07C61F839994005DAA1A /* ArML */,
				D97D07C51F839994005DAA1A /* Products */,
				7A5FF2D293F0771F19C22F88 /* Pods */,
				49A8ECDA731CA8C33C134C68 /* Frameworks */,
			);
			sourceTree = "<group>";
		};
		D97D07C51F839994005DAA1A /* Products */ = {
			isa = PBXGroup;
			children = (
				D97D07C41F839994005DAA1A /* ArML.app */,
			);
			name = Products;
			sourceTree = "<group>";
		};
		D97D07C61F839994005DAA1A /* ArML */ = {
			isa = PBXGroup;
			children = (
				D96A2689219B503B005B74E8 /* AppSetting */,
				D96A2683219B4F1D005B74E8 /* SupportingFiles */,
				D96A268A219B50D4005B74E8 /* Utilities */,
				D96A2684219B4F62005B74E8 /* Modules */,
			);
			path = ArML;
			sourceTree = "<group>";
		};
/* End PBXGroup section */

/* Begin PBXNativeTarget section */
		D97D07C31F839994005DAA1A /* ArML */ = {
			isa = PBXNativeTarget;
			buildConfigurationList = D97D07DA1F839994005DAA1A /* Build configuration list for PBXNativeTarget "ArML" */;
			buildPhases = (
				AD314D6BA5B92487C0C72BB7 /* [CP] Check Pods Manifest.lock */,
				D97D07C01F839994005DAA1A /* Sources */,
				D97D07C11F839994005DAA1A /* Frameworks */,
				D97D07C21F839994005DAA1A /* Resources */,
				DAC56513FD2F1CE492EE1C62 /* [CP] Embed Pods Frameworks */,
			);
			buildRules = (
			);
			dependencies = (
			);
			name = ArML;
			productName = ArML;
			productReference = D97D07C41F839994005DAA1A /* ArML.app */;
			productType = "com.apple.product-type.application";
		};
/* End PBXNativeTarget section */

/* Begin PBXProject section */
		D97D07BC1F839994005DAA1A /* Project object */ = {
			isa = PBXProject;
			attributes = {
				LastSwiftUpdateCheck = 0900;
				LastUpgradeCheck = 0900;
				ORGANIZATIONNAME = "Gilbert Gwizdała";
				TargetAttributes = {
					D97D07C31F839994005DAA1A = {
						CreatedOnToolsVersion = 9.0;
						ProvisioningStyle = Automatic;
					};
				};
			};
			buildConfigurationList = D97D07BF1F839994005DAA1A /* Build configuration list for PBXProject "ArML" */;
			compatibilityVersion = "Xcode 8.0";
			developmentRegion = en;
			hasScannedForEncodings = 0;
			knownRegions = (
				en,
				Base,
			);
			mainGroup = D97D07BB1F839994005DAA1A;
			productRefGroup = D97D07C51F839994005DAA1A /* Products */;
			projectDirPath = "";
			projectRoot = "";
			targets = (
				D97D07C31F839994005DAA1A /* ArML */,
			);
		};
/* End PBXProject section */

/* Begin PBXResourcesBuildPhase section */
		D97D07C21F839994005DAA1A /* Resources */ = {
			isa = PBXResourcesBuildPhase;
			buildActionMask = 2147483647;
			files = (
				D97D07D61F839994005DAA1A /* LaunchScreen.storyboard in Resources */,
				D97D07D31F839994005DAA1A /* Assets.xcassets in Resources */,
			);
			runOnlyForDeploymentPostprocessing = 0;
		};
/* End PBXResourcesBuildPhase section */

/* Begin PBXShellScriptBuildPhase section */
		AD314D6BA5B92487C0C72BB7 /* [CP] Check Pods Manifest.lock */ = {
			isa = PBXShellScriptBuildPhase;
			buildActionMask = 2147483647;
			files = (
			);
			inputPaths = (
				"${PODS_PODFILE_DIR_PATH}/Podfile.lock",
				"${PODS_ROOT}/Manifest.lock",
			);
			name = "[CP] Check Pods Manifest.lock";
			outputPaths = (
				"$(DERIVED_FILE_DIR)/Pods-ArML-checkManifestLockResult.txt",
			);
			runOnlyForDeploymentPostprocessing = 0;
			shellPath = /bin/sh;
			shellScript = "diff \"${PODS_PODFILE_DIR_PATH}/Podfile.lock\" \"${PODS_ROOT}/Manifest.lock\" > /dev/null\nif [ $? != 0 ] ; then\n    # print error to STDERR\n    echo \"error: The sandbox is not in sync with the Podfile.lock. Run 'pod install' or update your CocoaPods installation.\" >&2\n    exit 1\nfi\n# This output is used by Xcode 'outputs' to avoid re-running this script phase.\necho \"SUCCESS\" > \"${SCRIPT_OUTPUT_FILE_0}\"\n";
			showEnvVarsInLog = 0;
		};
		DAC56513FD2F1CE492EE1C62 /* [CP] Embed Pods Frameworks */ = {
			isa = PBXShellScriptBuildPhase;
			buildActionMask = 2147483647;
			files = (
			);
			inputPaths = (
				"${SRCROOT}/Pods/Target Support Files/Pods-ArML/Pods-ArML-frameworks.sh",
				"${BUILT_PRODUCTS_DIR}/RxSwift/RxSwift.framework",
			);
			name = "[CP] Embed Pods Frameworks";
			outputPaths = (
				"${TARGET_BUILD_DIR}/${FRAMEWORKS_FOLDER_PATH}/RxSwift.framework",
			);
			runOnlyForDeploymentPostprocessing = 0;
			shellPath = /bin/sh;
			shellScript = "\"${SRCROOT}/Pods/Target Support Files/Pods-ArML/Pods-ArML-frameworks.sh\"\n";
			showEnvVarsInLog = 0;
		};
/* End PBXShellScriptBuildPhase section */

/* Begin PBXSourcesBuildPhase section */
		D97D07C01F839994005DAA1A /* Sources */ = {
			isa = PBXSourcesBuildPhase;
			buildActionMask = 2147483647;
			files = (
				D97D07C81F839994005DAA1A /* AppDelegate.swift in Sources */,
				D96A268C219B518F005B74E8 /* ViewControlerMenager.swift in Sources */,
				D96A268F219B52F9005B74E8 /* MainArScene.swift in Sources */,
				D96A2693219B598D005B74E8 /* MainArSceneViewModel.swift in Sources */,
				D96A2688219B4FF9005B74E8 /* MainArSceneViewController.swift in Sources */,
			);
			runOnlyForDeploymentPostprocessing = 0;
		};
/* End PBXSourcesBuildPhase section */

/* Begin PBXVariantGroup section */
		D97D07D41F839994005DAA1A /* LaunchScreen.storyboard */ = {
			isa = PBXVariantGroup;
			children = (
				D97D07D51F839994005DAA1A /* Base */,
			);
			name = LaunchScreen.storyboard;
			sourceTree = "<group>";
		};
/* End PBXVariantGroup section */

/* Begin XCBuildConfiguration section */
		D97D07D81F839994005DAA1A /* Debug */ = {
			isa = XCBuildConfiguration;
			buildSettings = {
				ALWAYS_SEARCH_USER_PATHS = NO;
				CLANG_ANALYZER_NONNULL = YES;
				CLANG_ANALYZER_NUMBER_OBJECT_CONVERSION = YES_AGGRESSIVE;
				CLANG_CXX_LANGUAGE_STANDARD = "gnu++14";
				CLANG_CXX_LIBRARY = "libc++";
				CLANG_ENABLE_MODULES = YES;
				CLANG_ENABLE_OBJC_ARC = YES;
				CLANG_WARN_BLOCK_CAPTURE_AUTORELEASING = YES;
				CLANG_WARN_BOOL_CONVERSION = YES;
				CLANG_WARN_COMMA = YES;
				CLANG_WARN_CONSTANT_CONVERSION = YES;
				CLANG_WARN_DIRECT_OBJC_ISA_USAGE = YES_ERROR;
				CLANG_WARN_DOCUMENTATION_COMMENTS = YES;
				CLANG_WARN_EMPTY_BODY = YES;
				CLANG_WARN_ENUM_CONVERSION = YES;
				CLANG_WARN_INFINITE_RECURSION = YES;
				CLANG_WARN_INT_CONVERSION = YES;
				CLANG_WARN_NON_LITERAL_NULL_CONVERSION = YES;
				CLANG_WARN_OBJC_LITERAL_CONVERSION = YES;
				CLANG_WARN_OBJC_ROOT_CLASS = YES_ERROR;
				CLANG_WARN_RANGE_LOOP_ANALYSIS = YES;
				CLANG_WARN_STRICT_PROTOTYPES = YES;
				CLANG_WARN_SUSPICIOUS_MOVE = YES;
				CLANG_WARN_UNGUARDED_AVAILABILITY = YES_AGGRESSIVE;
				CLANG_WARN_UNREACHABLE_CODE = YES;
				CLANG_WARN__DUPLICATE_METHOD_MATCH = YES;
				CODE_SIGN_IDENTITY = "iPhone Developer";
				COPY_PHASE_STRIP = NO;
				DEBUG_INFORMATION_FORMAT = dwarf;
				ENABLE_STRICT_OBJC_MSGSEND = YES;
				ENABLE_TESTABILITY = YES;
				GCC_C_LANGUAGE_STANDARD = gnu11;
				GCC_DYNAMIC_NO_PIC = NO;
				GCC_NO_COMMON_BLOCKS = YES;
				GCC_OPTIMIZATION_LEVEL = 0;
				GCC_PREPROCESSOR_DEFINITIONS = (
					"DEBUG=1",
					"$(inherited)",
				);
				GCC_WARN_64_TO_32_BIT_CONVERSION = YES;
				GCC_WARN_ABOUT_RETURN_TYPE = YES_ERROR;
				GCC_WARN_UNDECLARED_SELECTOR = YES;
				GCC_WARN_UNINITIALIZED_AUTOS = YES_AGGRESSIVE;
				GCC_WARN_UNUSED_FUNCTION = YES;
				GCC_WARN_UNUSED_VARIABLE = YES;
				IPHONEOS_DEPLOYMENT_TARGET = 11.0;
				MTL_ENABLE_DEBUG_INFO = YES;
				ONLY_ACTIVE_ARCH = YES;
				SDKROOT = iphoneos;
				SWIFT_ACTIVE_COMPILATION_CONDITIONS = DEBUG;
				SWIFT_OPTIMIZATION_LEVEL = "-Onone";
			};
			name = Debug;
		};
		D97D07D91F839994005DAA1A /* Release */ = {
			isa = XCBuildConfiguration;
			buildSettings = {
				ALWAYS_SEARCH_USER_PATHS = NO;
				CLANG_ANALYZER_NONNULL = YES;
				CLANG_ANALYZER_NUMBER_OBJECT_CONVERSION = YES_AGGRESSIVE;
				CLANG_CXX_LANGUAGE_STANDARD = "gnu++14";
				CLANG_CXX_LIBRARY = "libc++";
				CLANG_ENABLE_MODULES = YES;
				CLANG_ENABLE_OBJC_ARC = YES;
				CLANG_WARN_BLOCK_CAPTURE_AUTORELEASING = YES;
				CLANG_WARN_BOOL_CONVERSION = YES;
				CLANG_WARN_COMMA = YES;
				CLANG_WARN_CONSTANT_CONVERSION = YES;
				CLANG_WARN_DIRECT_OBJC_ISA_USAGE = YES_ERROR;
				CLANG_WARN_DOCUMENTATION_COMMENTS = YES;
				CLANG_WARN_EMPTY_BODY = YES;
				CLANG_WARN_ENUM_CONVERSION = YES;
				CLANG_WARN_INFINITE_RECURSION = YES;
				CLANG_WARN_INT_CONVERSION = YES;
				CLANG_WARN_NON_LITERAL_NULL_CONVERSION = YES;
				CLANG_WARN_OBJC_LITERAL_CONVERSION = YES;
				CLANG_WARN_OBJC_ROOT_CLASS = YES_ERROR;
				CLANG_WARN_RANGE_LOOP_ANALYSIS = YES;
				CLANG_WARN_STRICT_PROTOTYPES = YES;
				CLANG_WARN_SUSPICIOUS_MOVE = YES;
				CLANG_WARN_UNGUARDED_AVAILABILITY = YES_AGGRESSIVE;
				CLANG_WARN_UNREACHABLE_CODE = YES;
				CLANG_WARN__DUPLICATE_METHOD_MATCH = YES;
				CODE_SIGN_IDENTITY = "iPhone Developer";
				COPY_PHASE_STRIP = NO;
				DEBUG_INFORMATION_FORMAT = "dwarf-with-dsym";
				ENABLE_NS_ASSERTIONS = NO;
				ENABLE_STRICT_OBJC_MSGSEND = YES;
				GCC_C_LANGUAGE_STANDARD = gnu11;
				GCC_NO_COMMON_BLOCKS = YES;
				GCC_WARN_64_TO_32_BIT_CONVERSION = YES;
				GCC_WARN_ABOUT_RETURN_TYPE = YES_ERROR;
				GCC_WARN_UNDECLARED_SELECTOR = YES;
				GCC_WARN_UNINITIALIZED_AUTOS = YES_AGGRESSIVE;
				GCC_WARN_UNUSED_FUNCTION = YES;
				GCC_WARN_UNUSED_VARIABLE = YES;
				IPHONEOS_DEPLOYMENT_TARGET = 11.0;
				MTL_ENABLE_DEBUG_INFO = NO;
				SDKROOT = iphoneos;
				SWIFT_OPTIMIZATION_LEVEL = "-Owholemodule";
				VALIDATE_PRODUCT = YES;
			};
			name = Release;
		};
		D97D07DB1F839994005DAA1A /* Debug */ = {
			isa = XCBuildConfiguration;
			baseConfigurationReference = E13CEF9DAB31D482886FD570 /* Pods-ArML.debug.xcconfig */;
			buildSettings = {
				ASSETCATALOG_COMPILER_APPICON_NAME = AppIcon;
				CODE_SIGN_STYLE = Automatic;
				DEVELOPMENT_TEAM = QJ67W5JP2G;
				INFOPLIST_FILE = "$(SRCROOT)/ArML/SupportingFiles/Info.plist";
				LD_RUNPATH_SEARCH_PATHS = "$(inherited) @executable_path/Frameworks";
				PRODUCT_BUNDLE_IDENTIFIER = com.zeelus.ArMLTest;
				PRODUCT_NAME = "$(TARGET_NAME)";
				SWIFT_VERSION = 4.0;
				TARGETED_DEVICE_FAMILY = "1,2";
			};
			name = Debug;
		};
		D97D07DC1F839994005DAA1A /* Release */ = {
			isa = XCBuildConfiguration;
			baseConfigurationReference = 56D06E2F058E94249D8182FD /* Pods-ArML.release.xcconfig */;
			buildSettings = {
				ASSETCATALOG_COMPILER_APPICON_NAME = AppIcon;
				CODE_SIGN_STYLE = Automatic;
				DEVELOPMENT_TEAM = QJ67W5JP2G;
				INFOPLIST_FILE = "$(SRCROOT)/ArML/SupportingFiles/Info.plist";
				LD_RUNPATH_SEARCH_PATHS = "$(inherited) @executable_path/Frameworks";
				PRODUCT_BUNDLE_IDENTIFIER = com.zeelus.ArMLTest;
				PRODUCT_NAME = "$(TARGET_NAME)";
				SWIFT_VERSION = 4.0;
				TARGETED_DEVICE_FAMILY = "1,2";
			};
			name = Release;
		};
/* End XCBuildConfiguration section */

/* Begin XCConfigurationList section */
		D97D07BF1F839994005DAA1A /* Build configuration list for PBXProject "ArML" */ = {
			isa = XCConfigurationList;
			buildConfigurations = (
				D97D07D81F839994005DAA1A /* Debug */,
				D97D07D91F839994005DAA1A /* Release */,
			);
			defaultConfigurationIsVisible = 0;
			defaultConfigurationName = Release;
		};
		D97D07DA1F839994005DAA1A /* Build configuration list for PBXNativeTarget "ArML" */ = {
			isa = XCConfigurationList;
			buildConfigurations = (
				D97D07DB1F839994005DAA1A /* Debug */,
				D97D07DC1F839994005DAA1A /* Release */,
			);
			defaultConfigurationIsVisible = 0;
			defaultConfigurationName = Release;
		};
/* End XCConfigurationList section */
	};
	rootObject = D97D07BC1F839994005DAA1A /* Project object */;
}
